
Microsoft Visual Studio Solution File, Format Version 12.00
# Visual Studio Version 16
VisualStudioVersion = 16.0.30717.126
MinimumVisualStudioVersion = 10.0.40219.1
Project("{FAE04EC0-301F-11D3-BF4B-00C04F79EFBC}") = "ServiceReservasi", "ServiceReservasi.csproj", "{9379B1D8-A028-409F-B161-3DDB837DD81D}"
EndProject
Global
	GlobalSection(SolutionConfigurationPlatforms) = preSolution
		Debug|Any CPU = Debug|Any CPU
		Release|Any CPU = Release|Any CPU
	EndGlobalSection
	GlobalSection(ProjectConfigurationPlatforms) = postSolution
		{9379B1D8-A028-409F-B161-3DDB837DD81D}.Debug|Any CPU.ActiveCfg = Debug|Any CPU
		{9379B1D8-A028-409F-B161-3DDB837DD81D}.Debug|Any CPU.Build.0 = Debug|Any CPU
		{9379B1D8-A028-409F-B161-3DDB837DD81D}.Release|Any CPU.ActiveCfg = Release|Any CPU
		{9379B1D8-A028-409F-B161-3DDB837DD81D}.Release|Any CPU.Build.0 = Release|Any CPU
	EndGlobalSection
	GlobalSection(SolutionProperties) = preSolution
		HideSolutionNode = FALSE
	EndGlobalSection
	GlobalSection(ExtensibilityGlobals) = postSolution
		SolutionGuid = {BA3C5429-AC06-4CFF-904C-15ABA9A66BFB}
	EndGlobalSection
EndGlobal
